
Microsoft Visual Studio Solution File, Format Version 11.00
# Visual Basic Express 2010
Project("{F184B08F-C81C-45F6-A57F-5ABD9991F28F}") = "Dataq", "Dataq\Dataq.vbproj", "{A564C17A-411D-4ED6-BDE7-9321E066F1E0}"
EndProject
Global
	GlobalSection(SolutionConfigurationPlatforms) = preSolution
		Debug|x86 = Debug|x86
		Release|x86 = Release|x86
	EndGlobalSection
	GlobalSection(ProjectConfigurationPlatforms) = postSolution
		{A564C17A-411D-4ED6-BDE7-9321E066F1E0}.Debug|x86.ActiveCfg = Debug|x86
		{A564C17A-411D-4ED6-BDE7-9321E066F1E0}.Debug|x86.Build.0 = Debug|x86
		{A564C17A-411D-4ED6-BDE7-9321E066F1E0}.Release|x86.ActiveCfg = Release|x86
		{A564C17A-411D-4ED6-BDE7-9321E066F1E0}.Release|x86.Build.0 = Release|x86
	EndGlobalSection
	GlobalSection(SolutionProperties) = preSolution
		HideSolutionNode = FALSE
	EndGlobalSection
EndGlobal
